
Microsoft Visual Studio Solution File, Format Version 12.00
# Visual Studio 2013
VisualStudioVersion = 12.0.21005.1
MinimumVisualStudioVersion = 10.0.40219.1
Project("{8BC9CEB8-8B4A-11D0-8D11-00A0C91BC942}") = "ch01-Window", "src\ch01-Window\ch01-Window.vcxproj", "{2F285C9D-4680-40A0-8B2F-A4827D4C4531}"
EndProject
Project("{2150E333-8FDC-42A3-9474-1A3956D46DE8}") = "ch01-10", "ch01-10", "{2D9D768D-2E92-4423-A06A-D5308335015E}"
EndProject
Project("{2150E333-8FDC-42A3-9474-1A3956D46DE8}") = "ch11-20", "ch11-20", "{7E8FFB7F-1078-494E-8943-2DAF045C0DA2}"
EndProject
Project("{2150E333-8FDC-42A3-9474-1A3956D46DE8}") = "ch21-30", "ch21-30", "{02A0B51E-D84E-45F9-8634-34BF5275AD30}"
EndProject
Project("{2150E333-8FDC-42A3-9474-1A3956D46DE8}") = "ch31-40", "ch31-40", "{BEDD7996-3C9F-4D99-9E9D-6227311725CF}"
EndProject
Project("{2150E333-8FDC-42A3-9474-1A3956D46DE8}") = "ch41-50", "ch41-50", "{F6A1AD07-DEEB-4F10-ABE0-496D3A0AF8F8}"
EndProject
Project("{8BC9CEB8-8B4A-11D0-8D11-00A0C91BC942}") = "ch02-Triangle", "src\ch02-Triangle\ch02-Triangle.vcxproj", "{6AED2449-9A61-4782-AB1C-BE2FF002781B}"
EndProject
Project("{8BC9CEB8-8B4A-11D0-8D11-00A0C91BC942}") = "ch03-Grey-Filter", "src\ch03-Grey-Filter\ch03-Grey-Filter.vcxproj", "{1A905758-83FE-4E44-B527-365A4684E945}"
EndProject
Project("{8BC9CEB8-8B4A-11D0-8D11-00A0C91BC942}") = "ch04-Transform-Cube", "src\ch04-Transform-Cube\ch04-Transform-Cube.vcxproj", "{174F1B27-3474-4E17-933F-0A32D2F5B648}"
EndProject
Project("{8BC9CEB8-8B4A-11D0-8D11-00A0C91BC942}") = "ch05-Phong", "src\ch05-Phong\ch05-Phong.vcxproj", "{8689CF22-371E-47FA-9653-9D2D4C62E480}"
EndProject
Project("{8BC9CEB8-8B4A-11D0-8D11-00A0C91BC942}") = "ch06-Texture-Cube", "src\ch06-Texture-Cube\ch06-Texture-Cube.vcxproj", "{A96FA9B8-385C-4920-9DA3-B06D29E2301C}"
EndProject
Project("{8BC9CEB8-8B4A-11D0-8D11-00A0C91BC942}") = "ch07-Normal-Mapping", "src\ch07-Normal-Mapping\ch07-Normal-Mapping.vcxproj", "{D92D5F90-46C0-43CA-B972-5FC4D027A6AF}"
EndProject
Project("{8BC9CEB8-8B4A-11D0-8D11-00A0C91BC942}") = "ch08-Cube-Mapping", "src\ch08-Cube-Mapping\ch08-Cube-Mapping.vcxproj", "{77F25CC4-2D77-496D-AE8F-C1A546E1DB15}"
EndProject
Project("{8BC9CEB8-8B4A-11D0-8D11-00A0C91BC942}") = "ch09-GPU-Particles", "src\ch09-GPU-Particles\ch09-GPU-Particles.vcxproj", "{DA683BF7-51D0-4C91-BF92-1FF8CEDBB001}"
EndProject
Project("{8BC9CEB8-8B4A-11D0-8D11-00A0C91BC942}") = "ch10-Geometry-Shader", "src\ch10-Geometry-Shader\ch10-Geometry-Shader.vcxproj", "{0D9887F3-2BF2-4BA2-926B-E7873082FAB3}"
EndProject
Project("{8BC9CEB8-8B4A-11D0-8D11-00A0C91BC942}") = "ch11-Reflection-Refraction", "src\ch11-Reflection-Refraction\ch11-Reflection-Refraction.vcxproj", "{8993FAFE-CA64-4AF4-8CE1-3D1DF6A2C390}"
EndProject
Project("{8BC9CEB8-8B4A-11D0-8D11-00A0C91BC942}") = "ch12-Shadow-Mapping", "src\ch12-Shadow-Mapping\ch12-Shadow-Mapping.vcxproj", "{1667326A-E759-4096-AE56-AC92D31F4E65}"
EndProject
Project("{8BC9CEB8-8B4A-11D0-8D11-00A0C91BC942}") = "ch13-Simple-Tessellation", "src\ch13-Simple-Tessellation\ch13-Simple-Tessellation.vcxproj", "{0373D242-F6F1-4048-9FD1-CE25BC051928}"
EndProject
Project("{8BC9CEB8-8B4A-11D0-8D11-00A0C91BC942}") = "ch14-Terrain", "src\ch14-Terrain\ch14-Terrain.vcxproj", "{280C26D7-1330-4B67-B7FD-E57CEF204F62}"
EndProject
Project("{8BC9CEB8-8B4A-11D0-8D11-00A0C91BC942}") = "ch15-Water", "src\ch15-Water\ch15-Water.vcxproj", "{961CB4B3-BF89-4E37-8018-86B311E8E60E}"
EndProject
Project("{8BC9CEB8-8B4A-11D0-8D11-00A0C91BC942}") = "ch16-Model-Loading", "src\ch16-Model-Loading\ch16-Model-Loading.vcxproj", "{0DB041E0-47A3-4A0B-9607-2A396B7C76E6}"
EndProject
Project("{8BC9CEB8-8B4A-11D0-8D11-00A0C91BC942}") = "ch17-Clipping-Planes", "src\ch17-Clipping-Planes\ch17-Clipping-Planes.vcxproj", "{0E0905F6-DEF0-4FB0-A737-E4D95D8E184E}"
EndProject
Project("{8BC9CEB8-8B4A-11D0-8D11-00A0C91BC942}") = "ch18-Stencil-Buffer", "src\ch18-Stencil-Buffer\ch18-Stencil-Buffer.vcxproj", "{2B16DB7B-A353-4D9A-95ED-EA4896254FD0}"
EndProject
Project("{8BC9CEB8-8B4A-11D0-8D11-00A0C91BC942}") = "ch19-RTT-Reflection", "src\ch19-RTT-Reflection\ch19-RTT-Reflection.vcxproj", "{47C904D9-718D-4784-B566-654E101C0E7D}"
EndProject
Project("{8BC9CEB8-8B4A-11D0-8D11-00A0C91BC942}") = "ch20-Blending", "src\ch20-Blending\ch20-Blending.vcxproj", "{7DAB7E1E-DAA5-43BF-A07D-A9B37AF49587}"
EndProject
Global
	GlobalSection(SolutionConfigurationPlatforms) = preSolution
		Debug|Win32 = Debug|Win32
		Release|Win32 = Release|Win32
	EndGlobalSection
	GlobalSection(ProjectConfigurationPlatforms) = postSolution
		{2F285C9D-4680-40A0-8B2F-A4827D4C4531}.Debug|Win32.ActiveCfg = Debug|Win32
		{2F285C9D-4680-40A0-8B2F-A4827D4C4531}.Debug|Win32.Build.0 = Debug|Win32
		{2F285C9D-4680-40A0-8B2F-A4827D4C4531}.Release|Win32.ActiveCfg = Release|Win32
		{2F285C9D-4680-40A0-8B2F-A4827D4C4531}.Release|Win32.Build.0 = Release|Win32
		{6AED2449-9A61-4782-AB1C-BE2FF002781B}.Debug|Win32.ActiveCfg = Debug|Win32
		{6AED2449-9A61-4782-AB1C-BE2FF002781B}.Debug|Win32.Build.0 = Debug|Win32
		{6AED2449-9A61-4782-AB1C-BE2FF002781B}.Release|Win32.ActiveCfg = Release|Win32
		{6AED2449-9A61-4782-AB1C-BE2FF002781B}.Release|Win32.Build.0 = Release|Win32
		{1A905758-83FE-4E44-B527-365A4684E945}.Debug|Win32.ActiveCfg = Debug|Win32
		{1A905758-83FE-4E44-B527-365A4684E945}.Debug|Win32.Build.0 = Debug|Win32
		{1A905758-83FE-4E44-B527-365A4684E945}.Release|Win32.ActiveCfg = Release|Win32
		{1A905758-83FE-4E44-B527-365A4684E945}.Release|Win32.Build.0 = Release|Win32
		{174F1B27-3474-4E17-933F-0A32D2F5B648}.Debug|Win32.ActiveCfg = Debug|Win32
		{174F1B27-3474-4E17-933F-0A32D2F5B648}.Debug|Win32.Build.0 = Debug|Win32
		{174F1B27-3474-4E17-933F-0A32D2F5B648}.Release|Win32.ActiveCfg = Release|Win32
		{174F1B27-3474-4E17-933F-0A32D2F5B648}.Release|Win32.Build.0 = Release|Win32
		{8689CF22-371E-47FA-9653-9D2D4C62E480}.Debug|Win32.ActiveCfg = Debug|Win32
		{8689CF22-371E-47FA-9653-9D2D4C62E480}.Debug|Win32.Build.0 = Debug|Win32
		{8689CF22-371E-47FA-9653-9D2D4C62E480}.Release|Win32.ActiveCfg = Release|Win32
		{8689CF22-371E-47FA-9653-9D2D4C62E480}.Release|Win32.Build.0 = Release|Win32
		{A96FA9B8-385C-4920-9DA3-B06D29E2301C}.Debug|Win32.ActiveCfg = Debug|Win32
		{A96FA9B8-385C-4920-9DA3-B06D29E2301C}.Debug|Win32.Build.0 = Debug|Win32
		{A96FA9B8-385C-4920-9DA3-B06D29E2301C}.Release|Win32.ActiveCfg = Release|Win32
		{A96FA9B8-385C-4920-9DA3-B06D29E2301C}.Release|Win32.Build.0 = Release|Win32
		{D92D5F90-46C0-43CA-B972-5FC4D027A6AF}.Debug|Win32.ActiveCfg = Debug|Win32
		{D92D5F90-46C0-43CA-B972-5FC4D027A6AF}.Debug|Win32.Build.0 = Debug|Win32
		{D92D5F90-46C0-43CA-B972-5FC4D027A6AF}.Release|Win32.ActiveCfg = Release|Win32
		{D92D5F90-46C0-43CA-B972-5FC4D027A6AF}.Release|Win32.Build.0 = Release|Win32
		{77F25CC4-2D77-496D-AE8F-C1A546E1DB15}.Debug|Win32.ActiveCfg = Debug|Win32
		{77F25CC4-2D77-496D-AE8F-C1A546E1DB15}.Debug|Win32.Build.0 = Debug|Win32
		{77F25CC4-2D77-496D-AE8F-C1A546E1DB15}.Release|Win32.ActiveCfg = Release|Win32
		{77F25CC4-2D77-496D-AE8F-C1A546E1DB15}.Release|Win32.Build.0 = Release|Win32
		{DA683BF7-51D0-4C91-BF92-1FF8CEDBB001}.Debug|Win32.ActiveCfg = Debug|Win32
		{DA683BF7-51D0-4C91-BF92-1FF8CEDBB001}.Debug|Win32.Build.0 = Debug|Win32
		{DA683BF7-51D0-4C91-BF92-1FF8CEDBB001}.Release|Win32.ActiveCfg = Release|Win32
		{DA683BF7-51D0-4C91-BF92-1FF8CEDBB001}.Release|Win32.Build.0 = Release|Win32
		{0D9887F3-2BF2-4BA2-926B-E7873082FAB3}.Debug|Win32.ActiveCfg = Debug|Win32
		{0D9887F3-2BF2-4BA2-926B-E7873082FAB3}.Debug|Win32.Build.0 = Debug|Win32
		{0D9887F3-2BF2-4BA2-926B-E7873082FAB3}.Release|Win32.ActiveCfg = Release|Win32
		{0D9887F3-2BF2-4BA2-926B-E7873082FAB3}.Release|Win32.Build.0 = Release|Win32
		{8993FAFE-CA64-4AF4-8CE1-3D1DF6A2C390}.Debug|Win32.ActiveCfg = Debug|Win32
		{8993FAFE-CA64-4AF4-8CE1-3D1DF6A2C390}.Debug|Win32.Build.0 = Debug|Win32
		{8993FAFE-CA64-4AF4-8CE1-3D1DF6A2C390}.Release|Win32.ActiveCfg = Release|Win32
		{8993FAFE-CA64-4AF4-8CE1-3D1DF6A2C390}.Release|Win32.Build.0 = Release|Win32
		{1667326A-E759-4096-AE56-AC92D31F4E65}.Debug|Win32.ActiveCfg = Debug|Win32
		{1667326A-E759-4096-AE56-AC92D31F4E65}.Debug|Win32.Build.0 = Debug|Win32
		{1667326A-E759-4096-AE56-AC92D31F4E65}.Release|Win32.ActiveCfg = Release|Win32
		{1667326A-E759-4096-AE56-AC92D31F4E65}.Release|Win32.Build.0 = Release|Win32
		{0373D242-F6F1-4048-9FD1-CE25BC051928}.Debug|Win32.ActiveCfg = Debug|Win32
		{0373D242-F6F1-4048-9FD1-CE25BC051928}.Debug|Win32.Build.0 = Debug|Win32
		{0373D242-F6F1-4048-9FD1-CE25BC051928}.Release|Win32.ActiveCfg = Release|Win32
		{0373D242-F6F1-4048-9FD1-CE25BC051928}.Release|Win32.Build.0 = Release|Win32
		{280C26D7-1330-4B67-B7FD-E57CEF204F62}.Debug|Win32.ActiveCfg = Debug|Win32
		{280C26D7-1330-4B67-B7FD-E57CEF204F62}.Debug|Win32.Build.0 = Debug|Win32
		{280C26D7-1330-4B67-B7FD-E57CEF204F62}.Release|Win32.ActiveCfg = Release|Win32
		{280C26D7-1330-4B67-B7FD-E57CEF204F62}.Release|Win32.Build.0 = Release|Win32
		{961CB4B3-BF89-4E37-8018-86B311E8E60E}.Debug|Win32.ActiveCfg = Debug|Win32
		{961CB4B3-BF89-4E37-8018-86B311E8E60E}.Debug|Win32.Build.0 = Debug|Win32
		{961CB4B3-BF89-4E37-8018-86B311E8E60E}.Release|Win32.ActiveCfg = Release|Win32
		{961CB4B3-BF89-4E37-8018-86B311E8E60E}.Release|Win32.Build.0 = Release|Win32
		{0DB041E0-47A3-4A0B-9607-2A396B7C76E6}.Debug|Win32.ActiveCfg = Debug|Win32
		{0DB041E0-47A3-4A0B-9607-2A396B7C76E6}.Debug|Win32.Build.0 = Debug|Win32
		{0DB041E0-47A3-4A0B-9607-2A396B7C76E6}.Release|Win32.ActiveCfg = Release|Win32
		{0DB041E0-47A3-4A0B-9607-2A396B7C76E6}.Release|Win32.Build.0 = Release|Win32
		{0E0905F6-DEF0-4FB0-A737-E4D95D8E184E}.Debug|Win32.ActiveCfg = Debug|Win32
		{0E0905F6-DEF0-4FB0-A737-E4D95D8E184E}.Debug|Win32.Build.0 = Debug|Win32
		{0E0905F6-DEF0-4FB0-A737-E4D95D8E184E}.Release|Win32.ActiveCfg = Release|Win32
		{0E0905F6-DEF0-4FB0-A737-E4D95D8E184E}.Release|Win32.Build.0 = Release|Win32
		{2B16DB7B-A353-4D9A-95ED-EA4896254FD0}.Debug|Win32.ActiveCfg = Debug|Win32
		{2B16DB7B-A353-4D9A-95ED-EA4896254FD0}.Debug|Win32.Build.0 = Debug|Win32
		{2B16DB7B-A353-4D9A-95ED-EA4896254FD0}.Release|Win32.ActiveCfg = Release|Win32
		{2B16DB7B-A353-4D9A-95ED-EA4896254FD0}.Release|Win32.Build.0 = Release|Win32
		{47C904D9-718D-4784-B566-654E101C0E7D}.Debug|Win32.ActiveCfg = Debug|Win32
		{47C904D9-718D-4784-B566-654E101C0E7D}.Debug|Win32.Build.0 = Debug|Win32
		{47C904D9-718D-4784-B566-654E101C0E7D}.Release|Win32.ActiveCfg = Release|Win32
		{47C904D9-718D-4784-B566-654E101C0E7D}.Release|Win32.Build.0 = Release|Win32
		{7DAB7E1E-DAA5-43BF-A07D-A9B37AF49587}.Debug|Win32.ActiveCfg = Debug|Win32
		{7DAB7E1E-DAA5-43BF-A07D-A9B37AF49587}.Debug|Win32.Build.0 = Debug|Win32
		{7DAB7E1E-DAA5-43BF-A07D-A9B37AF49587}.Release|Win32.ActiveCfg = Release|Win32
		{7DAB7E1E-DAA5-43BF-A07D-A9B37AF49587}.Release|Win32.Build.0 = Release|Win32
	EndGlobalSection
	GlobalSection(SolutionProperties) = preSolution
		HideSolutionNode = FALSE
	EndGlobalSection
	GlobalSection(NestedProjects) = preSolution
		{2F285C9D-4680-40A0-8B2F-A4827D4C4531} = {2D9D768D-2E92-4423-A06A-D5308335015E}
		{6AED2449-9A61-4782-AB1C-BE2FF002781B} = {2D9D768D-2E92-4423-A06A-D5308335015E}
		{1A905758-83FE-4E44-B527-365A4684E945} = {2D9D768D-2E92-4423-A06A-D5308335015E}
		{174F1B27-3474-4E17-933F-0A32D2F5B648} = {2D9D768D-2E92-4423-A06A-D5308335015E}
		{8689CF22-371E-47FA-9653-9D2D4C62E480} = {2D9D768D-2E92-4423-A06A-D5308335015E}
		{A96FA9B8-385C-4920-9DA3-B06D29E2301C} = {2D9D768D-2E92-4423-A06A-D5308335015E}
		{D92D5F90-46C0-43CA-B972-5FC4D027A6AF} = {2D9D768D-2E92-4423-A06A-D5308335015E}
		{77F25CC4-2D77-496D-AE8F-C1A546E1DB15} = {2D9D768D-2E92-4423-A06A-D5308335015E}
		{DA683BF7-51D0-4C91-BF92-1FF8CEDBB001} = {2D9D768D-2E92-4423-A06A-D5308335015E}
		{0D9887F3-2BF2-4BA2-926B-E7873082FAB3} = {2D9D768D-2E92-4423-A06A-D5308335015E}
		{8993FAFE-CA64-4AF4-8CE1-3D1DF6A2C390} = {7E8FFB7F-1078-494E-8943-2DAF045C0DA2}
		{1667326A-E759-4096-AE56-AC92D31F4E65} = {7E8FFB7F-1078-494E-8943-2DAF045C0DA2}
		{0373D242-F6F1-4048-9FD1-CE25BC051928} = {7E8FFB7F-1078-494E-8943-2DAF045C0DA2}
		{280C26D7-1330-4B67-B7FD-E57CEF204F62} = {7E8FFB7F-1078-494E-8943-2DAF045C0DA2}
		{961CB4B3-BF89-4E37-8018-86B311E8E60E} = {7E8FFB7F-1078-494E-8943-2DAF045C0DA2}
		{0DB041E0-47A3-4A0B-9607-2A396B7C76E6} = {7E8FFB7F-1078-494E-8943-2DAF045C0DA2}
		{0E0905F6-DEF0-4FB0-A737-E4D95D8E184E} = {7E8FFB7F-1078-494E-8943-2DAF045C0DA2}
		{2B16DB7B-A353-4D9A-95ED-EA4896254FD0} = {7E8FFB7F-1078-494E-8943-2DAF045C0DA2}
		{47C904D9-718D-4784-B566-654E101C0E7D} = {7E8FFB7F-1078-494E-8943-2DAF045C0DA2}
		{7DAB7E1E-DAA5-43BF-A07D-A9B37AF49587} = {7E8FFB7F-1078-494E-8943-2DAF045C0DA2}
	EndGlobalSection
EndGlobal
